
Microsoft Visual Studio Solution File, Format Version 12.00
# Visual Studio Version 16
VisualStudioVersion = 16.0.32228.343
MinimumVisualStudioVersion = 10.0.40219.1
Project("{FAE04EC0-301F-11D3-BF4B-00C04F79EFBC}") = "EShopAdminApp", "EShopAdminApp\EShopAdminApp.csproj", "{1FD8A64A-7B12-4011-97E7-CA2650B91F1B}"
EndProject
Global
	GlobalSection(SolutionConfigurationPlatforms) = preSolution
		Debug|Any CPU = Debug|Any CPU
		Release|Any CPU = Release|Any CPU
	EndGlobalSection
	GlobalSection(ProjectConfigurationPlatforms) = postSolution
		{1FD8A64A-7B12-4011-97E7-CA2650B91F1B}.Debug|Any CPU.ActiveCfg = Debug|Any CPU
		{1FD8A64A-7B12-4011-97E7-CA2650B91F1B}.Debug|Any CPU.Build.0 = Debug|Any CPU
		{1FD8A64A-7B12-4011-97E7-CA2650B91F1B}.Release|Any CPU.ActiveCfg = Release|Any CPU
		{1FD8A64A-7B12-4011-97E7-CA2650B91F1B}.Release|Any CPU.Build.0 = Release|Any CPU
	EndGlobalSection
	GlobalSection(SolutionProperties) = preSolution
		HideSolutionNode = FALSE
	EndGlobalSection
	GlobalSection(ExtensibilityGlobals) = postSolution
		SolutionGuid = {75DF5515-8B87-4868-BAF5-7F73DB7F45C1}
	EndGlobalSection
EndGlobal
