
Microsoft Visual Studio Solution File, Format Version 12.00
# Visual Studio Version 16
VisualStudioVersion = 16.0.32228.343
MinimumVisualStudioVersion = 10.0.40219.1
Project("{9A19103F-16F7-4668-BE54-9A1E7A4F7556}") = "EShop.Web", "is_aud1\EShop.Web.csproj", "{1073DC9C-06AA-4AA2-ABB3-C7C26291F382}"
EndProject
Project("{9A19103F-16F7-4668-BE54-9A1E7A4F7556}") = "EShop.Domain", "EShop.Domain\EShop.Domain.csproj", "{FFD128E3-AC36-4031-8A05-74664F79E862}"
EndProject
Project("{9A19103F-16F7-4668-BE54-9A1E7A4F7556}") = "EShop.Repository", "EShop.Repository\EShop.Repository.csproj", "{08034858-4F7F-4E54-A589-40BEEF303005}"
EndProject
Project("{9A19103F-16F7-4668-BE54-9A1E7A4F7556}") = "EShop.Service", "EShop.Service\EShop.Service.csproj", "{257B463E-6C9F-470E-A222-CF4BD91C4387}"
EndProject
Global
	GlobalSection(SolutionConfigurationPlatforms) = preSolution
		Debug|Any CPU = Debug|Any CPU
		Release|Any CPU = Release|Any CPU
	EndGlobalSection
	GlobalSection(ProjectConfigurationPlatforms) = postSolution
		{1073DC9C-06AA-4AA2-ABB3-C7C26291F382}.Debug|Any CPU.ActiveCfg = Debug|Any CPU
		{1073DC9C-06AA-4AA2-ABB3-C7C26291F382}.Debug|Any CPU.Build.0 = Debug|Any CPU
		{1073DC9C-06AA-4AA2-ABB3-C7C26291F382}.Release|Any CPU.ActiveCfg = Release|Any CPU
		{1073DC9C-06AA-4AA2-ABB3-C7C26291F382}.Release|Any CPU.Build.0 = Release|Any CPU
		{FFD128E3-AC36-4031-8A05-74664F79E862}.Debug|Any CPU.ActiveCfg = Debug|Any CPU
		{FFD128E3-AC36-4031-8A05-74664F79E862}.Debug|Any CPU.Build.0 = Debug|Any CPU
		{FFD128E3-AC36-4031-8A05-74664F79E862}.Release|Any CPU.ActiveCfg = Release|Any CPU
		{FFD128E3-AC36-4031-8A05-74664F79E862}.Release|Any CPU.Build.0 = Release|Any CPU
		{08034858-4F7F-4E54-A589-40BEEF303005}.Debug|Any CPU.ActiveCfg = Debug|Any CPU
		{08034858-4F7F-4E54-A589-40BEEF303005}.Debug|Any CPU.Build.0 = Debug|Any CPU
		{08034858-4F7F-4E54-A589-40BEEF303005}.Release|Any CPU.ActiveCfg = Release|Any CPU
		{08034858-4F7F-4E54-A589-40BEEF303005}.Release|Any CPU.Build.0 = Release|Any CPU
		{257B463E-6C9F-470E-A222-CF4BD91C4387}.Debug|Any CPU.ActiveCfg = Debug|Any CPU
		{257B463E-6C9F-470E-A222-CF4BD91C4387}.Debug|Any CPU.Build.0 = Debug|Any CPU
		{257B463E-6C9F-470E-A222-CF4BD91C4387}.Release|Any CPU.ActiveCfg = Release|Any CPU
		{257B463E-6C9F-470E-A222-CF4BD91C4387}.Release|Any CPU.Build.0 = Release|Any CPU
	EndGlobalSection
	GlobalSection(SolutionProperties) = preSolution
		HideSolutionNode = FALSE
	EndGlobalSection
	GlobalSection(ExtensibilityGlobals) = postSolution
		SolutionGuid = {18C1692A-D49F-4F80-BD3C-3589623BAC65}
	EndGlobalSection
EndGlobal
